
Microsoft Visual Studio Solution File, Format Version 12.00
# Visual Studio Version 17
VisualStudioVersion = 17.7.34031.279
MinimumVisualStudioVersion = 10.0.40219.1
Project("{9A19103F-16F7-4668-BE54-9A1E7A4F7556}") = "Migrations", "Migrations\Migrations.csproj", "{9EE42FF9-5452-4CC5-9FF5-89BB33112CCC}"
EndProject
Project("{FAE04EC0-301F-11D3-BF4B-00C04F79EFBC}") = "Elm.Books.Api", "Elm.Books.Api\Elm.Books.Api.csproj", "{79EC1E16-08ED-44EB-8155-8E2E5E0E2320}"
EndProject
Project("{FAE04EC0-301F-11D3-BF4B-00C04F79EFBC}") = "Elm.Books.Domain", "Elm.Books.Domain\Elm.Books.Domain.csproj", "{CD6A51BC-93EB-4709-9A0F-90207B1659CE}"
EndProject
Project("{FAE04EC0-301F-11D3-BF4B-00C04F79EFBC}") = "Elm.Books.Infrastructure", "Elm.Books.Infrastructure\Elm.Books.Infrastructure.csproj", "{6AD6827F-6662-4691-9ABB-DE198732F4E0}"
EndProject
Project("{FAE04EC0-301F-11D3-BF4B-00C04F79EFBC}") = "Elm.Books.ApplicationService", "Elm.Books.ApplicationService\Elm.Books.ApplicationService.csproj", "{ACD2223D-4360-4A06-9864-FFA7873E75FE}"
EndProject
Global
	GlobalSection(SolutionConfigurationPlatforms) = preSolution
		Debug|Any CPU = Debug|Any CPU
		Release|Any CPU = Release|Any CPU
	EndGlobalSection
	GlobalSection(ProjectConfigurationPlatforms) = postSolution
		{9EE42FF9-5452-4CC5-9FF5-89BB33112CCC}.Debug|Any CPU.ActiveCfg = Debug|Any CPU
		{9EE42FF9-5452-4CC5-9FF5-89BB33112CCC}.Debug|Any CPU.Build.0 = Debug|Any CPU
		{9EE42FF9-5452-4CC5-9FF5-89BB33112CCC}.Release|Any CPU.ActiveCfg = Release|Any CPU
		{9EE42FF9-5452-4CC5-9FF5-89BB33112CCC}.Release|Any CPU.Build.0 = Release|Any CPU
		{79EC1E16-08ED-44EB-8155-8E2E5E0E2320}.Debug|Any CPU.ActiveCfg = Debug|Any CPU
		{79EC1E16-08ED-44EB-8155-8E2E5E0E2320}.Debug|Any CPU.Build.0 = Debug|Any CPU
		{79EC1E16-08ED-44EB-8155-8E2E5E0E2320}.Release|Any CPU.ActiveCfg = Release|Any CPU
		{79EC1E16-08ED-44EB-8155-8E2E5E0E2320}.Release|Any CPU.Build.0 = Release|Any CPU
		{CD6A51BC-93EB-4709-9A0F-90207B1659CE}.Debug|Any CPU.ActiveCfg = Debug|Any CPU
		{CD6A51BC-93EB-4709-9A0F-90207B1659CE}.Debug|Any CPU.Build.0 = Debug|Any CPU
		{CD6A51BC-93EB-4709-9A0F-90207B1659CE}.Release|Any CPU.ActiveCfg = Release|Any CPU
		{CD6A51BC-93EB-4709-9A0F-90207B1659CE}.Release|Any CPU.Build.0 = Release|Any CPU
		{6AD6827F-6662-4691-9ABB-DE198732F4E0}.Debug|Any CPU.ActiveCfg = Debug|Any CPU
		{6AD6827F-6662-4691-9ABB-DE198732F4E0}.Debug|Any CPU.Build.0 = Debug|Any CPU
		{6AD6827F-6662-4691-9ABB-DE198732F4E0}.Release|Any CPU.ActiveCfg = Release|Any CPU
		{6AD6827F-6662-4691-9ABB-DE198732F4E0}.Release|Any CPU.Build.0 = Release|Any CPU
		{ACD2223D-4360-4A06-9864-FFA7873E75FE}.Debug|Any CPU.ActiveCfg = Debug|Any CPU
		{ACD2223D-4360-4A06-9864-FFA7873E75FE}.Debug|Any CPU.Build.0 = Debug|Any CPU
		{ACD2223D-4360-4A06-9864-FFA7873E75FE}.Release|Any CPU.ActiveCfg = Release|Any CPU
		{ACD2223D-4360-4A06-9864-FFA7873E75FE}.Release|Any CPU.Build.0 = Release|Any CPU
	EndGlobalSection
	GlobalSection(SolutionProperties) = preSolution
		HideSolutionNode = FALSE
	EndGlobalSection
	GlobalSection(ExtensibilityGlobals) = postSolution
		SolutionGuid = {833EA171-BF04-4381-A348-577F82CFBD6A}
	EndGlobalSection
EndGlobal
